
Microsoft Visual Studio Solution File, Format Version 12.00
# Visual Studio 14
VisualStudioVersion = 14.0.25420.1
MinimumVisualStudioVersion = 10.0.40219.1
Project("{FAE04EC0-301F-11D3-BF4B-00C04F79EFBC}") = "THY.UI", "THY.UI\THY.UI.csproj", "{F4891F91-60A0-4314-B919-2C10A9A946CC}"
EndProject
Project("{FAE04EC0-301F-11D3-BF4B-00C04F79EFBC}") = "THY.BLL", "THY.BLL\THY.BLL.csproj", "{D73C0663-29CB-41DC-A78C-8C619F34CDD8}"
EndProject
Project("{FAE04EC0-301F-11D3-BF4B-00C04F79EFBC}") = "THY.DAL", "THY.DAL\THY.DAL.csproj", "{83DEF966-30F4-49F7-BE6C-A8E54B7A344E}"
EndProject
Project("{FAE04EC0-301F-11D3-BF4B-00C04F79EFBC}") = "THY.Model", "THY.Model\THY.Model.csproj", "{0CC2CB42-F7D6-4804-9575-B2D9C183DCC1}"
EndProject
Project("{FAE04EC0-301F-11D3-BF4B-00C04F79EFBC}") = "THY.Web", "THY.Web\THY.Web.csproj", "{F17EC327-4FCF-49CE-A144-0A104D442F5B}"
EndProject
Global
	GlobalSection(SolutionConfigurationPlatforms) = preSolution
		Debug|Any CPU = Debug|Any CPU
		Release|Any CPU = Release|Any CPU
	EndGlobalSection
	GlobalSection(ProjectConfigurationPlatforms) = postSolution
		{F4891F91-60A0-4314-B919-2C10A9A946CC}.Debug|Any CPU.ActiveCfg = Debug|Any CPU
		{F4891F91-60A0-4314-B919-2C10A9A946CC}.Debug|Any CPU.Build.0 = Debug|Any CPU
		{F4891F91-60A0-4314-B919-2C10A9A946CC}.Release|Any CPU.ActiveCfg = Release|Any CPU
		{F4891F91-60A0-4314-B919-2C10A9A946CC}.Release|Any CPU.Build.0 = Release|Any CPU
		{D73C0663-29CB-41DC-A78C-8C619F34CDD8}.Debug|Any CPU.ActiveCfg = Debug|Any CPU
		{D73C0663-29CB-41DC-A78C-8C619F34CDD8}.Debug|Any CPU.Build.0 = Debug|Any CPU
		{D73C0663-29CB-41DC-A78C-8C619F34CDD8}.Release|Any CPU.ActiveCfg = Release|Any CPU
		{D73C0663-29CB-41DC-A78C-8C619F34CDD8}.Release|Any CPU.Build.0 = Release|Any CPU
		{83DEF966-30F4-49F7-BE6C-A8E54B7A344E}.Debug|Any CPU.ActiveCfg = Debug|Any CPU
		{83DEF966-30F4-49F7-BE6C-A8E54B7A344E}.Debug|Any CPU.Build.0 = Debug|Any CPU
		{83DEF966-30F4-49F7-BE6C-A8E54B7A344E}.Release|Any CPU.ActiveCfg = Release|Any CPU
		{83DEF966-30F4-49F7-BE6C-A8E54B7A344E}.Release|Any CPU.Build.0 = Release|Any CPU
		{0CC2CB42-F7D6-4804-9575-B2D9C183DCC1}.Debug|Any CPU.ActiveCfg = Debug|Any CPU
		{0CC2CB42-F7D6-4804-9575-B2D9C183DCC1}.Debug|Any CPU.Build.0 = Debug|Any CPU
		{0CC2CB42-F7D6-4804-9575-B2D9C183DCC1}.Release|Any CPU.ActiveCfg = Release|Any CPU
		{0CC2CB42-F7D6-4804-9575-B2D9C183DCC1}.Release|Any CPU.Build.0 = Release|Any CPU
		{F17EC327-4FCF-49CE-A144-0A104D442F5B}.Debug|Any CPU.ActiveCfg = Debug|Any CPU
		{F17EC327-4FCF-49CE-A144-0A104D442F5B}.Debug|Any CPU.Build.0 = Debug|Any CPU
		{F17EC327-4FCF-49CE-A144-0A104D442F5B}.Release|Any CPU.ActiveCfg = Release|Any CPU
		{F17EC327-4FCF-49CE-A144-0A104D442F5B}.Release|Any CPU.Build.0 = Release|Any CPU
	EndGlobalSection
	GlobalSection(SolutionProperties) = preSolution
		HideSolutionNode = FALSE
	EndGlobalSection
EndGlobal
